// !$*UTF8*$!
{
	archiveVersion = 1;
	classes = {
	};
	objectVersion = 52;
	objects = {

/* Begin PBXBuildFile section */
		05D0D157DD52BCD96B12C162 /* Pods_memorize_ai.framework in Frameworks */ = {isa = PBXBuildFile; fileRef = 64DBC7C1944523972CF6F35A /* Pods_memorize_ai.framework */; };
		31D345CE60CACE658E60CF6E /* Pods_memorize_aiTests.framework in Frameworks */ = {isa = PBXBuildFile; fileRef = EBDA340435BD46D6DCACA737 /* Pods_memorize_aiTests.framework */; };
		4B1071F839CC2292A18E8FB4 /* Pods_memorize_ai_memorize_aiUITests.framework in Frameworks */ = {isa = PBXBuildFile; fileRef = C51DCE10D82E2BC63677803B /* Pods_memorize_ai_memorize_aiUITests.framework */; };
		4D1F9B19233EBF2200693571 /* README.md in Resources */ = {isa = PBXBuildFile; fileRef = 4D1F9B17233EBF2200693571 /* README.md */; };
		4D1F9B1A233EBF2200693571 /* LICENSE in Resources */ = {isa = PBXBuildFile; fileRef = 4D1F9B18233EBF2200693571 /* LICENSE */; };
		4D1F9B1D233EC5EF00693571 /* Deck.swift in Sources */ = {isa = PBXBuildFile; fileRef = 4D1F9B1C233EC5EF00693571 /* Deck.swift */; };
		4D1F9B1F233EC72100693571 /* DeckStore.swift in Sources */ = {isa = PBXBuildFile; fileRef = 4D1F9B1E233EC72100693571 /* DeckStore.swift */; };
		4D1F9B21233EC99600693571 /* UserStore.swift in Sources */ = {isa = PBXBuildFile; fileRef = 4D1F9B20233EC99600693571 /* UserStore.swift */; };
		4D1F9B23233ECA0E00693571 /* User.swift in Sources */ = {isa = PBXBuildFile; fileRef = 4D1F9B22233ECA0E00693571 /* User.swift */; };
		4D1F9B25233ED1AD00693571 /* LoadingState.swift in Sources */ = {isa = PBXBuildFile; fileRef = 4D1F9B24233ED1AD00693571 /* LoadingState.swift */; };
		4D1F9B28233EDE4E00693571 /* PromiseKit in Frameworks */ = {isa = PBXBuildFile; productRef = 4D1F9B27233EDE4E00693571 /* PromiseKit */; };
		4D1F9B2B233EDEB200693571 /* FirebaseFirestore+PromiseKit.swift in Sources */ = {isa = PBXBuildFile; fileRef = 4D1F9B2A233EDEB200693571 /* FirebaseFirestore+PromiseKit.swift */; };
		4D1F9B2E233EEBDB00693571 /* UnknownError.swift in Sources */ = {isa = PBXBuildFile; fileRef = 4D1F9B2D233EEBDB00693571 /* UnknownError.swift */; };
		4D1F9BC723401A9800693571 /* Card.swift in Sources */ = {isa = PBXBuildFile; fileRef = 4D1F9BC623401A9800693571 /* Card.swift */; };
		4D2ECD84235D90C7008312B1 /* Tilde.swift in Sources */ = {isa = PBXBuildFile; fileRef = 4D2ECD83235D90C7008312B1 /* Tilde.swift */; };
		4D2ECD86235D94ED008312B1 /* Operator_Tests.swift in Sources */ = {isa = PBXBuildFile; fileRef = 4D2ECD85235D94ED008312B1 /* Operator_Tests.swift */; };
		4D402E70235E50610011C6B6 /* RectangleButton.swift in Sources */ = {isa = PBXBuildFile; fileRef = 4D402E6F235E50610011C6B6 /* RectangleButton.swift */; };
		4D402E72235E591E0011C6B6 /* Color.swift in Sources */ = {isa = PBXBuildFile; fileRef = 4D402E71235E591E0011C6B6 /* Color.swift */; };
		4D402E85235E6FB80011C6B6 /* Muli-ExtraLight.ttf in Resources */ = {isa = PBXBuildFile; fileRef = 4D402E77235E6FB80011C6B6 /* Muli-ExtraLight.ttf */; };
		4D402E86235E6FB80011C6B6 /* Muli-ExtraLightItalic.ttf in Resources */ = {isa = PBXBuildFile; fileRef = 4D402E78235E6FB80011C6B6 /* Muli-ExtraLightItalic.ttf */; };
		4D402E87235E6FB80011C6B6 /* Muli-BoldItalic.ttf in Resources */ = {isa = PBXBuildFile; fileRef = 4D402E79235E6FB80011C6B6 /* Muli-BoldItalic.ttf */; };
		4D402E88235E6FB80011C6B6 /* Muli-Black.ttf in Resources */ = {isa = PBXBuildFile; fileRef = 4D402E7A235E6FB80011C6B6 /* Muli-Black.ttf */; };
		4D402E89235E6FB80011C6B6 /* Muli-ExtraBold.ttf in Resources */ = {isa = PBXBuildFile; fileRef = 4D402E7B235E6FB80011C6B6 /* Muli-ExtraBold.ttf */; };
		4D402E8A235E6FB80011C6B6 /* Muli-Bold.ttf in Resources */ = {isa = PBXBuildFile; fileRef = 4D402E7C235E6FB80011C6B6 /* Muli-Bold.ttf */; };
		4D402E8B235E6FB80011C6B6 /* Muli-ExtraBoldItalic.ttf in Resources */ = {isa = PBXBuildFile; fileRef = 4D402E7D235E6FB80011C6B6 /* Muli-ExtraBoldItalic.ttf */; };
		4D402E8C235E6FB80011C6B6 /* Muli-Italic.ttf in Resources */ = {isa = PBXBuildFile; fileRef = 4D402E7E235E6FB80011C6B6 /* Muli-Italic.ttf */; };
		4D402E8D235E6FB80011C6B6 /* Muli-SemiBold.ttf in Resources */ = {isa = PBXBuildFile; fileRef = 4D402E7F235E6FB80011C6B6 /* Muli-SemiBold.ttf */; };
		4D402E8E235E6FB80011C6B6 /* Muli-SemiBoldItalic.ttf in Resources */ = {isa = PBXBuildFile; fileRef = 4D402E80235E6FB80011C6B6 /* Muli-SemiBoldItalic.ttf */; };
		4D402E8F235E6FB80011C6B6 /* Muli-BlackItalic.ttf in Resources */ = {isa = PBXBuildFile; fileRef = 4D402E81235E6FB80011C6B6 /* Muli-BlackItalic.ttf */; };
		4D402E90235E6FB80011C6B6 /* Muli-Light.ttf in Resources */ = {isa = PBXBuildFile; fileRef = 4D402E82235E6FB80011C6B6 /* Muli-Light.ttf */; };
		4D402E91235E6FB80011C6B6 /* Muli-Regular.ttf in Resources */ = {isa = PBXBuildFile; fileRef = 4D402E83235E6FB80011C6B6 /* Muli-Regular.ttf */; };
		4D402E92235E6FB80011C6B6 /* Muli-LightItalic.ttf in Resources */ = {isa = PBXBuildFile; fileRef = 4D402E84235E6FB80011C6B6 /* Muli-LightItalic.ttf */; };
		4D402E94235E72B80011C6B6 /* MuliFont.swift in Sources */ = {isa = PBXBuildFile; fileRef = 4D402E93235E72B80011C6B6 /* MuliFont.swift */; };
		4D4D483D23401E8D002FEFB6 /* CardStore.swift in Sources */ = {isa = PBXBuildFile; fileRef = 4D4D483C23401E8D002FEFB6 /* CardStore.swift */; };
		4D59E6BC2341E5CA008DC2A7 /* Storable.swift in Sources */ = {isa = PBXBuildFile; fileRef = 4D59E6BB2341E5CA008DC2A7 /* Storable.swift */; };
		4D6097672342FE8E002F1643 /* FirebaseAuth+PromiseKit.swift in Sources */ = {isa = PBXBuildFile; fileRef = 4D6097662342FE8E002F1643 /* FirebaseAuth+PromiseKit.swift */; };
		4D6097692342FEC2002F1643 /* FirebaseStorage+PromiseKit.swift in Sources */ = {isa = PBXBuildFile; fileRef = 4D6097682342FEC2002F1643 /* FirebaseStorage+PromiseKit.swift */; };
		4D703AEF233DFA45004F1F65 /* Constants.swift in Sources */ = {isa = PBXBuildFile; fileRef = 4D703AEE233DFA45004F1F65 /* Constants.swift */; };
		4D703AF6233E728B004F1F65 /* Global.swift in Sources */ = {isa = PBXBuildFile; fileRef = 4D703AF5233E728B004F1F65 /* Global.swift */; };
		4D71AD0D2340289E00C1C4FA /* Deck_Tests.swift in Sources */ = {isa = PBXBuildFile; fileRef = 4D71AD0C2340289E00C1C4FA /* Deck_Tests.swift */; };
		4D71AD0F23402B3D00C1C4FA /* Main_UITests.swift in Sources */ = {isa = PBXBuildFile; fileRef = 4D71AD0E23402B3D00C1C4FA /* Main_UITests.swift */; };
		4DAA4F3D233DE1A600EF7467 /* AppDelegate.swift in Sources */ = {isa = PBXBuildFile; fileRef = 4DAA4F3C233DE1A600EF7467 /* AppDelegate.swift */; };
		4DAA4F3F233DE1A600EF7467 /* SceneDelegate.swift in Sources */ = {isa = PBXBuildFile; fileRef = 4DAA4F3E233DE1A600EF7467 /* SceneDelegate.swift */; };
		4DAA4F42233DE1A600EF7467 /* memorize_ai.xcdatamodeld in Sources */ = {isa = PBXBuildFile; fileRef = 4DAA4F40233DE1A600EF7467 /* memorize_ai.xcdatamodeld */; };
		4DAA4F46233DE1A800EF7467 /* Assets.xcassets in Resources */ = {isa = PBXBuildFile; fileRef = 4DAA4F45233DE1A800EF7467 /* Assets.xcassets */; };
		4DAA4F49233DE1A800EF7467 /* Preview Assets.xcassets in Resources */ = {isa = PBXBuildFile; fileRef = 4DAA4F48233DE1A800EF7467 /* Preview Assets.xcassets */; };
		4DAA4F4C233DE1A800EF7467 /* LaunchScreen.storyboard in Resources */ = {isa = PBXBuildFile; fileRef = 4DAA4F4A233DE1A800EF7467 /* LaunchScreen.storyboard */; };
		4DC923A623458F1900F901EA /* SwiftUIX in Frameworks */ = {isa = PBXBuildFile; productRef = 4DC923A523458F1900F901EA /* SwiftUIX */; };
		4DF2E0F5235E44C300468CD1 /* InitialView.swift in Sources */ = {isa = PBXBuildFile; fileRef = 4DF2E0F4235E44C300468CD1 /* InitialView.swift */; };
/* End PBXBuildFile section */

/* Begin PBXContainerItemProxy section */
		4DAA4F53233DE1A800EF7467 /* PBXContainerItemProxy */ = {
			isa = PBXContainerItemProxy;
			containerPortal = 4DAA4F31233DE1A600EF7467 /* Project object */;
			proxyType = 1;
			remoteGlobalIDString = 4DAA4F38233DE1A600EF7467;
			remoteInfo = memorize.ai;
		};
		4DAA4F5E233DE1A900EF7467 /* PBXContainerItemProxy */ = {
			isa = PBXContainerItemProxy;
			containerPortal = 4DAA4F31233DE1A600EF7467 /* Project object */;
			proxyType = 1;
			remoteGlobalIDString = 4DAA4F38233DE1A600EF7467;
			remoteInfo = memorize.ai;
		};
/* End PBXContainerItemProxy section */

/* Begin PBXFileReference section */
		0015E6E932DD67838E207115 /* Pods-memorize.ai.debug.xcconfig */ = {isa = PBXFileReference; includeInIndex = 1; lastKnownFileType = text.xcconfig; name = "Pods-memorize.ai.debug.xcconfig"; path = "Target Support Files/Pods-memorize.ai/Pods-memorize.ai.debug.xcconfig"; sourceTree = "<group>"; };
		4D1F9B0B233E83D600693571 /* GoogleService-Info-Dev.plist */ = {isa = PBXFileReference; fileEncoding = 4; lastKnownFileType = text.plist.xml; path = "GoogleService-Info-Dev.plist"; sourceTree = "<group>"; };
		4D1F9B0C233E83D600693571 /* GoogleService-Info.plist */ = {isa = PBXFileReference; fileEncoding = 4; lastKnownFileType = text.plist.xml; path = "GoogleService-Info.plist"; sourceTree = "<group>"; };
		4D1F9B17233EBF2200693571 /* README.md */ = {isa = PBXFileReference; fileEncoding = 4; lastKnownFileType = net.daringfireball.markdown; path = README.md; sourceTree = "<group>"; };
		4D1F9B18233EBF2200693571 /* LICENSE */ = {isa = PBXFileReference; fileEncoding = 4; lastKnownFileType = text; path = LICENSE; sourceTree = "<group>"; };
		4D1F9B1C233EC5EF00693571 /* Deck.swift */ = {isa = PBXFileReference; lastKnownFileType = sourcecode.swift; path = Deck.swift; sourceTree = "<group>"; };
		4D1F9B1E233EC72100693571 /* DeckStore.swift */ = {isa = PBXFileReference; lastKnownFileType = sourcecode.swift; path = DeckStore.swift; sourceTree = "<group>"; tabWidth = 4; };
		4D1F9B20233EC99600693571 /* UserStore.swift */ = {isa = PBXFileReference; lastKnownFileType = sourcecode.swift; path = UserStore.swift; sourceTree = "<group>"; };
		4D1F9B22233ECA0E00693571 /* User.swift */ = {isa = PBXFileReference; lastKnownFileType = sourcecode.swift; path = User.swift; sourceTree = "<group>"; };
		4D1F9B24233ED1AD00693571 /* LoadingState.swift */ = {isa = PBXFileReference; lastKnownFileType = sourcecode.swift; path = LoadingState.swift; sourceTree = "<group>"; };
		4D1F9B2A233EDEB200693571 /* FirebaseFirestore+PromiseKit.swift */ = {isa = PBXFileReference; lastKnownFileType = sourcecode.swift; path = "FirebaseFirestore+PromiseKit.swift"; sourceTree = "<group>"; };
		4D1F9B2D233EEBDB00693571 /* UnknownError.swift */ = {isa = PBXFileReference; lastKnownFileType = sourcecode.swift; path = UnknownError.swift; sourceTree = "<group>"; };
		4D1F9BC623401A9800693571 /* Card.swift */ = {isa = PBXFileReference; lastKnownFileType = sourcecode.swift; path = Card.swift; sourceTree = "<group>"; };
		4D2ECD83235D90C7008312B1 /* Tilde.swift */ = {isa = PBXFileReference; lastKnownFileType = sourcecode.swift; path = Tilde.swift; sourceTree = "<group>"; };
		4D2ECD85235D94ED008312B1 /* Operator_Tests.swift */ = {isa = PBXFileReference; lastKnownFileType = sourcecode.swift; path = Operator_Tests.swift; sourceTree = "<group>"; };
		4D402E6F235E50610011C6B6 /* RectangleButton.swift */ = {isa = PBXFileReference; lastKnownFileType = sourcecode.swift; path = RectangleButton.swift; sourceTree = "<group>"; };
		4D402E71235E591E0011C6B6 /* Color.swift */ = {isa = PBXFileReference; lastKnownFileType = sourcecode.swift; path = Color.swift; sourceTree = "<group>"; };
		4D402E77235E6FB80011C6B6 /* Muli-ExtraLight.ttf */ = {isa = PBXFileReference; lastKnownFileType = file; path = "Muli-ExtraLight.ttf"; sourceTree = "<group>"; };
		4D402E78235E6FB80011C6B6 /* Muli-ExtraLightItalic.ttf */ = {isa = PBXFileReference; lastKnownFileType = file; path = "Muli-ExtraLightItalic.ttf"; sourceTree = "<group>"; };
		4D402E79235E6FB80011C6B6 /* Muli-BoldItalic.ttf */ = {isa = PBXFileReference; lastKnownFileType = file; path = "Muli-BoldItalic.ttf"; sourceTree = "<group>"; };
		4D402E7A235E6FB80011C6B6 /* Muli-Black.ttf */ = {isa = PBXFileReference; lastKnownFileType = file; path = "Muli-Black.ttf"; sourceTree = "<group>"; };
		4D402E7B235E6FB80011C6B6 /* Muli-ExtraBold.ttf */ = {isa = PBXFileReference; lastKnownFileType = file; path = "Muli-ExtraBold.ttf"; sourceTree = "<group>"; };
		4D402E7C235E6FB80011C6B6 /* Muli-Bold.ttf */ = {isa = PBXFileReference; lastKnownFileType = file; path = "Muli-Bold.ttf"; sourceTree = "<group>"; };
		4D402E7D235E6FB80011C6B6 /* Muli-ExtraBoldItalic.ttf */ = {isa = PBXFileReference; lastKnownFileType = file; path = "Muli-ExtraBoldItalic.ttf"; sourceTree = "<group>"; };
		4D402E7E235E6FB80011C6B6 /* Muli-Italic.ttf */ = {isa = PBXFileReference; lastKnownFileType = file; path = "Muli-Italic.ttf"; sourceTree = "<group>"; };
		4D402E7F235E6FB80011C6B6 /* Muli-SemiBold.ttf */ = {isa = PBXFileReference; lastKnownFileType = file; path = "Muli-SemiBold.ttf"; sourceTree = "<group>"; };
		4D402E80235E6FB80011C6B6 /* Muli-SemiBoldItalic.ttf */ = {isa = PBXFileReference; lastKnownFileType = file; path = "Muli-SemiBoldItalic.ttf"; sourceTree = "<group>"; };
		4D402E81235E6FB80011C6B6 /* Muli-BlackItalic.ttf */ = {isa = PBXFileReference; lastKnownFileType = file; path = "Muli-BlackItalic.ttf"; sourceTree = "<group>"; };
		4D402E82235E6FB80011C6B6 /* Muli-Light.ttf */ = {isa = PBXFileReference; lastKnownFileType = file; path = "Muli-Light.ttf"; sourceTree = "<group>"; };
		4D402E83235E6FB80011C6B6 /* Muli-Regular.ttf */ = {isa = PBXFileReference; lastKnownFileType = file; path = "Muli-Regular.ttf"; sourceTree = "<group>"; };
		4D402E84235E6FB80011C6B6 /* Muli-LightItalic.ttf */ = {isa = PBXFileReference; lastKnownFileType = file; path = "Muli-LightItalic.ttf"; sourceTree = "<group>"; };
		4D402E93235E72B80011C6B6 /* MuliFont.swift */ = {isa = PBXFileReference; lastKnownFileType = sourcecode.swift; path = MuliFont.swift; sourceTree = "<group>"; };
		4D4D483C23401E8D002FEFB6 /* CardStore.swift */ = {isa = PBXFileReference; lastKnownFileType = sourcecode.swift; path = CardStore.swift; sourceTree = "<group>"; };
		4D59E6BB2341E5CA008DC2A7 /* Storable.swift */ = {isa = PBXFileReference; lastKnownFileType = sourcecode.swift; path = Storable.swift; sourceTree = "<group>"; };
		4D6097662342FE8E002F1643 /* FirebaseAuth+PromiseKit.swift */ = {isa = PBXFileReference; lastKnownFileType = sourcecode.swift; path = "FirebaseAuth+PromiseKit.swift"; sourceTree = "<group>"; };
		4D6097682342FEC2002F1643 /* FirebaseStorage+PromiseKit.swift */ = {isa = PBXFileReference; lastKnownFileType = sourcecode.swift; path = "FirebaseStorage+PromiseKit.swift"; sourceTree = "<group>"; };
		4D703AEE233DFA45004F1F65 /* Constants.swift */ = {isa = PBXFileReference; lastKnownFileType = sourcecode.swift; path = Constants.swift; sourceTree = "<group>"; };
		4D703AF5233E728B004F1F65 /* Global.swift */ = {isa = PBXFileReference; lastKnownFileType = sourcecode.swift; path = Global.swift; sourceTree = "<group>"; };
		4D71AD0C2340289E00C1C4FA /* Deck_Tests.swift */ = {isa = PBXFileReference; lastKnownFileType = sourcecode.swift; path = Deck_Tests.swift; sourceTree = "<group>"; };
		4D71AD0E23402B3D00C1C4FA /* Main_UITests.swift */ = {isa = PBXFileReference; lastKnownFileType = sourcecode.swift; path = Main_UITests.swift; sourceTree = "<group>"; };
		4DAA4F39233DE1A600EF7467 /* memorize.ai.app */ = {isa = PBXFileReference; explicitFileType = wrapper.application; includeInIndex = 0; path = memorize.ai.app; sourceTree = BUILT_PRODUCTS_DIR; };
		4DAA4F3C233DE1A600EF7467 /* AppDelegate.swift */ = {isa = PBXFileReference; lastKnownFileType = sourcecode.swift; path = AppDelegate.swift; sourceTree = "<group>"; };
		4DAA4F3E233DE1A600EF7467 /* SceneDelegate.swift */ = {isa = PBXFileReference; lastKnownFileType = sourcecode.swift; path = SceneDelegate.swift; sourceTree = "<group>"; };
		4DAA4F41233DE1A600EF7467 /* memorize_ai.xcdatamodel */ = {isa = PBXFileReference; lastKnownFileType = wrapper.xcdatamodel; path = memorize_ai.xcdatamodel; sourceTree = "<group>"; };
		4DAA4F45233DE1A800EF7467 /* Assets.xcassets */ = {isa = PBXFileReference; lastKnownFileType = folder.assetcatalog; path = Assets.xcassets; sourceTree = "<group>"; };
		4DAA4F48233DE1A800EF7467 /* Preview Assets.xcassets */ = {isa = PBXFileReference; lastKnownFileType = folder.assetcatalog; path = "Preview Assets.xcassets"; sourceTree = "<group>"; };
		4DAA4F4B233DE1A800EF7467 /* Base */ = {isa = PBXFileReference; lastKnownFileType = file.storyboard; name = Base; path = Base.lproj/LaunchScreen.storyboard; sourceTree = "<group>"; };
		4DAA4F4D233DE1A800EF7467 /* Info.plist */ = {isa = PBXFileReference; lastKnownFileType = text.plist.xml; path = Info.plist; sourceTree = "<group>"; };
		4DAA4F52233DE1A800EF7467 /* memorize.aiTests.xctest */ = {isa = PBXFileReference; explicitFileType = wrapper.cfbundle; includeInIndex = 0; path = memorize.aiTests.xctest; sourceTree = BUILT_PRODUCTS_DIR; };
		4DAA4F58233DE1A800EF7467 /* Info.plist */ = {isa = PBXFileReference; lastKnownFileType = text.plist.xml; path = Info.plist; sourceTree = "<group>"; };
		4DAA4F5D233DE1A900EF7467 /* memorize.aiUITests.xctest */ = {isa = PBXFileReference; explicitFileType = wrapper.cfbundle; includeInIndex = 0; path = memorize.aiUITests.xctest; sourceTree = BUILT_PRODUCTS_DIR; };
		4DAA4F63233DE1A900EF7467 /* Info.plist */ = {isa = PBXFileReference; lastKnownFileType = text.plist.xml; path = Info.plist; sourceTree = "<group>"; };
		4DF2E0F4235E44C300468CD1 /* InitialView.swift */ = {isa = PBXFileReference; lastKnownFileType = sourcecode.swift; path = InitialView.swift; sourceTree = "<group>"; };
		4F4C9DD2FC5AC65507BFA8D3 /* Pods-memorize.aiTests.release.xcconfig */ = {isa = PBXFileReference; includeInIndex = 1; lastKnownFileType = text.xcconfig; name = "Pods-memorize.aiTests.release.xcconfig"; path = "Target Support Files/Pods-memorize.aiTests/Pods-memorize.aiTests.release.xcconfig"; sourceTree = "<group>"; };
		601346780B37F685E43F57A4 /* Pods-memorize.ai.release.xcconfig */ = {isa = PBXFileReference; includeInIndex = 1; lastKnownFileType = text.xcconfig; name = "Pods-memorize.ai.release.xcconfig"; path = "Target Support Files/Pods-memorize.ai/Pods-memorize.ai.release.xcconfig"; sourceTree = "<group>"; };
		64DBC7C1944523972CF6F35A /* Pods_memorize_ai.framework */ = {isa = PBXFileReference; explicitFileType = wrapper.framework; includeInIndex = 0; path = Pods_memorize_ai.framework; sourceTree = BUILT_PRODUCTS_DIR; };
		6BF55E66E6034DC99EB98759 /* Pods-memorize.ai-memorize.aiUITests.release.xcconfig */ = {isa = PBXFileReference; includeInIndex = 1; lastKnownFileType = text.xcconfig; name = "Pods-memorize.ai-memorize.aiUITests.release.xcconfig"; path = "Target Support Files/Pods-memorize.ai-memorize.aiUITests/Pods-memorize.ai-memorize.aiUITests.release.xcconfig"; sourceTree = "<group>"; };
		C51DCE10D82E2BC63677803B /* Pods_memorize_ai_memorize_aiUITests.framework */ = {isa = PBXFileReference; explicitFileType = wrapper.framework; includeInIndex = 0; path = Pods_memorize_ai_memorize_aiUITests.framework; sourceTree = BUILT_PRODUCTS_DIR; };
		D836782DC0AEEE0EE28E0E49 /* Pods-memorize.aiTests.debug.xcconfig */ = {isa = PBXFileReference; includeInIndex = 1; lastKnownFileType = text.xcconfig; name = "Pods-memorize.aiTests.debug.xcconfig"; path = "Target Support Files/Pods-memorize.aiTests/Pods-memorize.aiTests.debug.xcconfig"; sourceTree = "<group>"; };
		DC3BAF53D0EC7CFBE986AC05 /* Pods-memorize.ai-memorize.aiUITests.debug.xcconfig */ = {isa = PBXFileReference; includeInIndex = 1; lastKnownFileType = text.xcconfig; name = "Pods-memorize.ai-memorize.aiUITests.debug.xcconfig"; path = "Target Support Files/Pods-memorize.ai-memorize.aiUITests/Pods-memorize.ai-memorize.aiUITests.debug.xcconfig"; sourceTree = "<group>"; };
		EBDA340435BD46D6DCACA737 /* Pods_memorize_aiTests.framework */ = {isa = PBXFileReference; explicitFileType = wrapper.framework; includeInIndex = 0; path = Pods_memorize_aiTests.framework; sourceTree = BUILT_PRODUCTS_DIR; };
/* End PBXFileReference section */

/* Begin PBXFrameworksBuildPhase section */
		4DAA4F36233DE1A600EF7467 /* Frameworks */ = {
			isa = PBXFrameworksBuildPhase;
			buildActionMask = 2147483647;
			files = (
				4DC923A623458F1900F901EA /* SwiftUIX in Frameworks */,
				05D0D157DD52BCD96B12C162 /* Pods_memorize_ai.framework in Frameworks */,
				4D1F9B28233EDE4E00693571 /* PromiseKit in Frameworks */,
			);
			runOnlyForDeploymentPostprocessing = 0;
		};
		4DAA4F4F233DE1A800EF7467 /* Frameworks */ = {
			isa = PBXFrameworksBuildPhase;
			buildActionMask = 2147483647;
			files = (
				31D345CE60CACE658E60CF6E /* Pods_memorize_aiTests.framework in Frameworks */,
			);
			runOnlyForDeploymentPostprocessing = 0;
		};
		4DAA4F5A233DE1A800EF7467 /* Frameworks */ = {
			isa = PBXFrameworksBuildPhase;
			buildActionMask = 2147483647;
			files = (
				4B1071F839CC2292A18E8FB4 /* Pods_memorize_ai_memorize_aiUITests.framework in Frameworks */,
			);
			runOnlyForDeploymentPostprocessing = 0;
		};
/* End PBXFrameworksBuildPhase section */

/* Begin PBXGroup section */
		4C5AA85A9D0C569AE4AD39FF /* Frameworks */ = {
			isa = PBXGroup;
			children = (
				64DBC7C1944523972CF6F35A /* Pods_memorize_ai.framework */,
				C51DCE10D82E2BC63677803B /* Pods_memorize_ai_memorize_aiUITests.framework */,
				EBDA340435BD46D6DCACA737 /* Pods_memorize_aiTests.framework */,
			);
			name = Frameworks;
			sourceTree = "<group>";
		};
		4D1F9B1B233EC5E400693571 /* Models */ = {
			isa = PBXGroup;
			children = (
				4D1F9BC323401A7200693571 /* Deck */,
				4D1F9BC523401A8A00693571 /* Card */,
				4D1F9BC423401A7D00693571 /* User */,
			);
			path = Models;
			sourceTree = "<group>";
		};
		4D1F9B29233EDEA200693571 /* Extensions */ = {
			isa = PBXGroup;
			children = (
				4D6097662342FE8E002F1643 /* FirebaseAuth+PromiseKit.swift */,
				4D1F9B2A233EDEB200693571 /* FirebaseFirestore+PromiseKit.swift */,
				4D6097682342FEC2002F1643 /* FirebaseStorage+PromiseKit.swift */,
				4D402E71235E591E0011C6B6 /* Color.swift */,
			);
			path = Extensions;
			sourceTree = "<group>";
		};
		4D1F9B2C233EEBC900693571 /* Helpers */ = {
			isa = PBXGroup;
			children = (
				4D402E93235E72B80011C6B6 /* MuliFont.swift */,
				4D1F9B24233ED1AD00693571 /* LoadingState.swift */,
				4D1F9B2D233EEBDB00693571 /* UnknownError.swift */,
				4D2ECD87235D96D1008312B1 /* Operators */,
			);
			path = Helpers;
			sourceTree = "<group>";
		};
		4D1F9BC323401A7200693571 /* Deck */ = {
			isa = PBXGroup;
			children = (
				4D1F9B1C233EC5EF00693571 /* Deck.swift */,
				4D1F9B1E233EC72100693571 /* DeckStore.swift */,
			);
			path = Deck;
			sourceTree = "<group>";
		};
		4D1F9BC423401A7D00693571 /* User */ = {
			isa = PBXGroup;
			children = (
				4D1F9B22233ECA0E00693571 /* User.swift */,
				4D1F9B20233EC99600693571 /* UserStore.swift */,
			);
			path = User;
			sourceTree = "<group>";
		};
		4D1F9BC523401A8A00693571 /* Card */ = {
			isa = PBXGroup;
			children = (
				4D1F9BC623401A9800693571 /* Card.swift */,
				4D4D483C23401E8D002FEFB6 /* CardStore.swift */,
			);
			path = Card;
			sourceTree = "<group>";
		};
		4D2ECD87235D96D1008312B1 /* Operators */ = {
			isa = PBXGroup;
			children = (
				4D2ECD83235D90C7008312B1 /* Tilde.swift */,
			);
			path = Operators;
			sourceTree = "<group>";
		};
		4D402E75235E6FA50011C6B6 /* Fonts */ = {
			isa = PBXGroup;
			children = (
				4D402E76235E6FB80011C6B6 /* Muli */,
			);
			path = Fonts;
			sourceTree = "<group>";
		};
		4D402E76235E6FB80011C6B6 /* Muli */ = {
			isa = PBXGroup;
			children = (
				4D402E77235E6FB80011C6B6 /* Muli-ExtraLight.ttf */,
				4D402E78235E6FB80011C6B6 /* Muli-ExtraLightItalic.ttf */,
				4D402E79235E6FB80011C6B6 /* Muli-BoldItalic.ttf */,
				4D402E7A235E6FB80011C6B6 /* Muli-Black.ttf */,
				4D402E7B235E6FB80011C6B6 /* Muli-ExtraBold.ttf */,
				4D402E7C235E6FB80011C6B6 /* Muli-Bold.ttf */,
				4D402E7D235E6FB80011C6B6 /* Muli-ExtraBoldItalic.ttf */,
				4D402E7E235E6FB80011C6B6 /* Muli-Italic.ttf */,
				4D402E7F235E6FB80011C6B6 /* Muli-SemiBold.ttf */,
				4D402E80235E6FB80011C6B6 /* Muli-SemiBoldItalic.ttf */,
				4D402E81235E6FB80011C6B6 /* Muli-BlackItalic.ttf */,
				4D402E82235E6FB80011C6B6 /* Muli-Light.ttf */,
				4D402E83235E6FB80011C6B6 /* Muli-Regular.ttf */,
				4D402E84235E6FB80011C6B6 /* Muli-LightItalic.ttf */,
			);
			path = Muli;
			sourceTree = "<group>";
		};
		4D703AEB233DF98E004F1F65 /* Views */ = {
			isa = PBXGroup;
			children = (
				4DF2E0F4235E44C300468CD1 /* InitialView.swift */,
			);
			path = Views;
			sourceTree = "<group>";
		};
		4D703AF0233E7107004F1F65 /* Firebase */ = {
			isa = PBXGroup;
			children = (
				4D1F9B0B233E83D600693571 /* GoogleService-Info-Dev.plist */,
				4D1F9B0C233E83D600693571 /* GoogleService-Info.plist */,
			);
			path = Firebase;
			sourceTree = "<group>";
		};
		4DAA4F30233DE1A600EF7467 = {
			isa = PBXGroup;
			children = (
				4DAA4F3B233DE1A600EF7467 /* memorize.ai */,
				4DAA4F55233DE1A800EF7467 /* memorize.aiTests */,
				4DAA4F60233DE1A900EF7467 /* memorize.aiUITests */,
				4DAA4F3A233DE1A600EF7467 /* Products */,
				B3433C0A521544427171835D /* Pods */,
				4C5AA85A9D0C569AE4AD39FF /* Frameworks */,
				4D1F9B18233EBF2200693571 /* LICENSE */,
				4D1F9B17233EBF2200693571 /* README.md */,
			);
			sourceTree = "<group>";
		};
		4DAA4F3A233DE1A600EF7467 /* Products */ = {
			isa = PBXGroup;
			children = (
				4DAA4F39233DE1A600EF7467 /* memorize.ai.app */,
				4DAA4F52233DE1A800EF7467 /* memorize.aiTests.xctest */,
				4DAA4F5D233DE1A900EF7467 /* memorize.aiUITests.xctest */,
			);
			name = Products;
			sourceTree = "<group>";
		};
		4DAA4F3B233DE1A600EF7467 /* memorize.ai */ = {
			isa = PBXGroup;
			children = (
				4DAA4F3C233DE1A600EF7467 /* AppDelegate.swift */,
				4DAA4F3E233DE1A600EF7467 /* SceneDelegate.swift */,
				4D703AF5233E728B004F1F65 /* Global.swift */,
				4D703AEE233DFA45004F1F65 /* Constants.swift */,
				4D1F9B29233EDEA200693571 /* Extensions */,
				4DC923A7234594FB00F901EA /* Protocols */,
				4D1F9B2C233EEBC900693571 /* Helpers */,
				4D1F9B1B233EC5E400693571 /* Models */,
				4DF2E0F3235E440700468CD1 /* Supplemental Views */,
				4D703AEB233DF98E004F1F65 /* Views */,
				4DAA4F45233DE1A800EF7467 /* Assets.xcassets */,
				4DAA4F4A233DE1A800EF7467 /* LaunchScreen.storyboard */,
				4DAA4F4D233DE1A800EF7467 /* Info.plist */,
				4DAA4F40233DE1A600EF7467 /* memorize_ai.xcdatamodeld */,
				4DAA4F47233DE1A800EF7467 /* Preview Content */,
				4D402E75235E6FA50011C6B6 /* Fonts */,
				4D703AF0233E7107004F1F65 /* Firebase */,
			);
			path = memorize.ai;
			sourceTree = "<group>";
		};
		4DAA4F47233DE1A800EF7467 /* Preview Content */ = {
			isa = PBXGroup;
			children = (
				4DAA4F48233DE1A800EF7467 /* Preview Assets.xcassets */,
			);
			path = "Preview Content";
			sourceTree = "<group>";
		};
		4DAA4F55233DE1A800EF7467 /* memorize.aiTests */ = {
			isa = PBXGroup;
			children = (
				4D71AD0C2340289E00C1C4FA /* Deck_Tests.swift */,
				4D2ECD85235D94ED008312B1 /* Operator_Tests.swift */,
				4DAA4F58233DE1A800EF7467 /* Info.plist */,
			);
			path = memorize.aiTests;
			sourceTree = "<group>";
		};
		4DAA4F60233DE1A900EF7467 /* memorize.aiUITests */ = {
			isa = PBXGroup;
			children = (
				4D71AD0E23402B3D00C1C4FA /* Main_UITests.swift */,
				4DAA4F63233DE1A900EF7467 /* Info.plist */,
			);
			path = memorize.aiUITests;
			sourceTree = "<group>";
		};
		4DC923A7234594FB00F901EA /* Protocols */ = {
			isa = PBXGroup;
			children = (
				4D59E6BB2341E5CA008DC2A7 /* Storable.swift */,
			);
			path = Protocols;
			sourceTree = "<group>";
		};
		4DF2E0F3235E440700468CD1 /* Supplemental Views */ = {
			isa = PBXGroup;
			children = (
				4D402E6F235E50610011C6B6 /* RectangleButton.swift */,
			);
			path = "Supplemental Views";
			sourceTree = "<group>";
		};
		B3433C0A521544427171835D /* Pods */ = {
			isa = PBXGroup;
			children = (
				0015E6E932DD67838E207115 /* Pods-memorize.ai.debug.xcconfig */,
				601346780B37F685E43F57A4 /* Pods-memorize.ai.release.xcconfig */,
				DC3BAF53D0EC7CFBE986AC05 /* Pods-memorize.ai-memorize.aiUITests.debug.xcconfig */,
				6BF55E66E6034DC99EB98759 /* Pods-memorize.ai-memorize.aiUITests.release.xcconfig */,
				D836782DC0AEEE0EE28E0E49 /* Pods-memorize.aiTests.debug.xcconfig */,
				4F4C9DD2FC5AC65507BFA8D3 /* Pods-memorize.aiTests.release.xcconfig */,
			);
			path = Pods;
			sourceTree = "<group>";
		};
/* End PBXGroup section */

/* Begin PBXNativeTarget section */
		4DAA4F38233DE1A600EF7467 /* memorize.ai */ = {
			isa = PBXNativeTarget;
			buildConfigurationList = 4DAA4F66233DE1A900EF7467 /* Build configuration list for PBXNativeTarget "memorize.ai" */;
			buildPhases = (
				DB7128814B102006B1204414 /* [CP] Check Pods Manifest.lock */,
				4DAA4F35233DE1A600EF7467 /* Sources */,
				4DAA4F36233DE1A600EF7467 /* Frameworks */,
				4D703AF7233E73B1004F1F65 /* Set up Firebase GoogleService-Info.plist */,
				4DAA4F37233DE1A600EF7467 /* Resources */,
				50E4CD5A8A481C7EB464E791 /* [CP] Embed Pods Frameworks */,
			);
			buildRules = (
			);
			dependencies = (
			);
			name = memorize.ai;
			packageProductDependencies = (
				4D1F9B27233EDE4E00693571 /* PromiseKit */,
				4DC923A523458F1900F901EA /* SwiftUIX */,
			);
			productName = memorize.ai;
			productReference = 4DAA4F39233DE1A600EF7467 /* memorize.ai.app */;
			productType = "com.apple.product-type.application";
		};
		4DAA4F51233DE1A800EF7467 /* memorize.aiTests */ = {
			isa = PBXNativeTarget;
			buildConfigurationList = 4DAA4F69233DE1A900EF7467 /* Build configuration list for PBXNativeTarget "memorize.aiTests" */;
			buildPhases = (
				8D493CFC0130DA5E4E9134DD /* [CP] Check Pods Manifest.lock */,
				4DAA4F4E233DE1A800EF7467 /* Sources */,
				4DAA4F4F233DE1A800EF7467 /* Frameworks */,
				4DAA4F50233DE1A800EF7467 /* Resources */,
			);
			buildRules = (
			);
			dependencies = (
				4DAA4F54233DE1A800EF7467 /* PBXTargetDependency */,
			);
			name = memorize.aiTests;
			productName = memorize.aiTests;
			productReference = 4DAA4F52233DE1A800EF7467 /* memorize.aiTests.xctest */;
			productType = "com.apple.product-type.bundle.unit-test";
		};
		4DAA4F5C233DE1A800EF7467 /* memorize.aiUITests */ = {
			isa = PBXNativeTarget;
			buildConfigurationList = 4DAA4F6C233DE1A900EF7467 /* Build configuration list for PBXNativeTarget "memorize.aiUITests" */;
			buildPhases = (
				12855C29CC3311FF4A347742 /* [CP] Check Pods Manifest.lock */,
				4DAA4F59233DE1A800EF7467 /* Sources */,
				4DAA4F5A233DE1A800EF7467 /* Frameworks */,
				4DAA4F5B233DE1A800EF7467 /* Resources */,
				A86D9A7D454A5C9537501B22 /* [CP] Embed Pods Frameworks */,
			);
			buildRules = (
			);
			dependencies = (
				4DAA4F5F233DE1A900EF7467 /* PBXTargetDependency */,
			);
			name = memorize.aiUITests;
			productName = memorize.aiUITests;
			productReference = 4DAA4F5D233DE1A900EF7467 /* memorize.aiUITests.xctest */;
			productType = "com.apple.product-type.bundle.ui-testing";
		};
/* End PBXNativeTarget section */

/* Begin PBXProject section */
		4DAA4F31233DE1A600EF7467 /* Project object */ = {
			isa = PBXProject;
			attributes = {
				LastSwiftUpdateCheck = 1110;
				LastUpgradeCheck = 1110;
				ORGANIZATIONNAME = "Ken Mueller";
				TargetAttributes = {
					4DAA4F38233DE1A600EF7467 = {
						CreatedOnToolsVersion = 11.1;
					};
					4DAA4F51233DE1A800EF7467 = {
						CreatedOnToolsVersion = 11.1;
						TestTargetID = 4DAA4F38233DE1A600EF7467;
					};
					4DAA4F5C233DE1A800EF7467 = {
						CreatedOnToolsVersion = 11.1;
						LastSwiftMigration = 1110;
						TestTargetID = 4DAA4F38233DE1A600EF7467;
					};
				};
			};
			buildConfigurationList = 4DAA4F34233DE1A600EF7467 /* Build configuration list for PBXProject "memorize.ai" */;
			compatibilityVersion = "Xcode 9.3";
			developmentRegion = en;
			hasScannedForEncodings = 0;
			knownRegions = (
				en,
				Base,
			);
			mainGroup = 4DAA4F30233DE1A600EF7467;
			packageReferences = (
				4D1F9B26233EDE4E00693571 /* XCRemoteSwiftPackageReference "PromiseKit" */,
				4DC923A423458F1900F901EA /* XCRemoteSwiftPackageReference "SwiftUIX" */,
			);
			productRefGroup = 4DAA4F3A233DE1A600EF7467 /* Products */;
			projectDirPath = "";
			projectRoot = "";
			targets = (
				4DAA4F38233DE1A600EF7467 /* memorize.ai */,
				4DAA4F51233DE1A800EF7467 /* memorize.aiTests */,
				4DAA4F5C233DE1A800EF7467 /* memorize.aiUITests */,
			);
		};
/* End PBXProject section */

/* Begin PBXResourcesBuildPhase section */
		4DAA4F37233DE1A600EF7467 /* Resources */ = {
			isa = PBXResourcesBuildPhase;
			buildActionMask = 2147483647;
			files = (
				4D1F9B19233EBF2200693571 /* README.md in Resources */,
				4D402E86235E6FB80011C6B6 /* Muli-ExtraLightItalic.ttf in Resources */,
				4D402E88235E6FB80011C6B6 /* Muli-Black.ttf in Resources */,
				4D402E8B235E6FB80011C6B6 /* Muli-ExtraBoldItalic.ttf in Resources */,
				4D402E8D235E6FB80011C6B6 /* Muli-SemiBold.ttf in Resources */,
				4D402E87235E6FB80011C6B6 /* Muli-BoldItalic.ttf in Resources */,
				4D402E8E235E6FB80011C6B6 /* Muli-SemiBoldItalic.ttf in Resources */,
				4D402E8F235E6FB80011C6B6 /* Muli-BlackItalic.ttf in Resources */,
				4D402E85235E6FB80011C6B6 /* Muli-ExtraLight.ttf in Resources */,
				4D402E89235E6FB80011C6B6 /* Muli-ExtraBold.ttf in Resources */,
				4DAA4F4C233DE1A800EF7467 /* LaunchScreen.storyboard in Resources */,
				4D1F9B1A233EBF2200693571 /* LICENSE in Resources */,
				4D402E91235E6FB80011C6B6 /* Muli-Regular.ttf in Resources */,
				4D402E8A235E6FB80011C6B6 /* Muli-Bold.ttf in Resources */,
				4D402E90235E6FB80011C6B6 /* Muli-Light.ttf in Resources */,
				4DAA4F49233DE1A800EF7467 /* Preview Assets.xcassets in Resources */,
				4DAA4F46233DE1A800EF7467 /* Assets.xcassets in Resources */,
				4D402E8C235E6FB80011C6B6 /* Muli-Italic.ttf in Resources */,
				4D402E92235E6FB80011C6B6 /* Muli-LightItalic.ttf in Resources */,
			);
			runOnlyForDeploymentPostprocessing = 0;
		};
		4DAA4F50233DE1A800EF7467 /* Resources */ = {
			isa = PBXResourcesBuildPhase;
			buildActionMask = 2147483647;
			files = (
			);
			runOnlyForDeploymentPostprocessing = 0;
		};
		4DAA4F5B233DE1A800EF7467 /* Resources */ = {
			isa = PBXResourcesBuildPhase;
			buildActionMask = 2147483647;
			files = (
			);
			runOnlyForDeploymentPostprocessing = 0;
		};
/* End PBXResourcesBuildPhase section */

/* Begin PBXShellScriptBuildPhase section */
		12855C29CC3311FF4A347742 /* [CP] Check Pods Manifest.lock */ = {
			isa = PBXShellScriptBuildPhase;
			buildActionMask = 2147483647;
			files = (
			);
			inputFileListPaths = (
			);
			inputPaths = (
				"${PODS_PODFILE_DIR_PATH}/Podfile.lock",
				"${PODS_ROOT}/Manifest.lock",
			);
			name = "[CP] Check Pods Manifest.lock";
			outputFileListPaths = (
			);
			outputPaths = (
				"$(DERIVED_FILE_DIR)/Pods-memorize.ai-memorize.aiUITests-checkManifestLockResult.txt",
			);
			runOnlyForDeploymentPostprocessing = 0;
			shellPath = /bin/sh;
			shellScript = "diff \"${PODS_PODFILE_DIR_PATH}/Podfile.lock\" \"${PODS_ROOT}/Manifest.lock\" > /dev/null\nif [ $? != 0 ] ; then\n    # print error to STDERR\n    echo \"error: The sandbox is not in sync with the Podfile.lock. Run 'pod install' or update your CocoaPods installation.\" >&2\n    exit 1\nfi\n# This output is used by Xcode 'outputs' to avoid re-running this script phase.\necho \"SUCCESS\" > \"${SCRIPT_OUTPUT_FILE_0}\"\n";
			showEnvVarsInLog = 0;
		};
		4D703AF7233E73B1004F1F65 /* Set up Firebase GoogleService-Info.plist */ = {
			isa = PBXShellScriptBuildPhase;
			buildActionMask = 2147483647;
			files = (
			);
			inputFileListPaths = (
			);
			inputPaths = (
			);
			name = "Set up Firebase GoogleService-Info.plist";
			outputFileListPaths = (
			);
			outputPaths = (
			);
			runOnlyForDeploymentPostprocessing = 0;
			shellPath = /bin/sh;
			shellScript = "GOOGLESERVICE_INFO_BASE_PATH=\"$PROJECT_DIR/$TARGET_NAME/Firebase\"\n\nGOOGLESERVICE_INFO_PROD='GoogleService-Info.plist'\nGOOGLESERVICE_INFO_DEV='GoogleService-Info-Dev.plist'\n\nGOOGLESERVICE_INFO_DESTINATION=\"$BUILT_PRODUCTS_DIR/$PRODUCT_NAME.app/GoogleService-Info.plist\"\n\nif [ \"$CONFIGURATION\" == 'Release' ]\nthen\n\techo \"Using $GOOGLESERVICE_INFO_PROD\"\n\tcp \"$GOOGLESERVICE_INFO_BASE_PATH/$GOOGLESERVICE_INFO_PROD\" \"$GOOGLESERVICE_INFO_DESTINATION\"\nelse\n\techo \"Using $GOOGLESERVICE_INFO_DEV\"\n\tcp \"$GOOGLESERVICE_INFO_BASE_PATH/$GOOGLESERVICE_INFO_DEV\" \"$GOOGLESERVICE_INFO_DESTINATION\"\nfi\n";
		};
		50E4CD5A8A481C7EB464E791 /* [CP] Embed Pods Frameworks */ = {
			isa = PBXShellScriptBuildPhase;
			buildActionMask = 2147483647;
			files = (
			);
			inputFileListPaths = (
				"${PODS_ROOT}/Target Support Files/Pods-memorize.ai/Pods-memorize.ai-frameworks-${CONFIGURATION}-input-files.xcfilelist",
			);
			name = "[CP] Embed Pods Frameworks";
			outputFileListPaths = (
				"${PODS_ROOT}/Target Support Files/Pods-memorize.ai/Pods-memorize.ai-frameworks-${CONFIGURATION}-output-files.xcfilelist",
			);
			runOnlyForDeploymentPostprocessing = 0;
			shellPath = /bin/sh;
			shellScript = "\"${PODS_ROOT}/Target Support Files/Pods-memorize.ai/Pods-memorize.ai-frameworks.sh\"\n";
			showEnvVarsInLog = 0;
		};
		8D493CFC0130DA5E4E9134DD /* [CP] Check Pods Manifest.lock */ = {
			isa = PBXShellScriptBuildPhase;
			buildActionMask = 2147483647;
			files = (
			);
			inputFileListPaths = (
			);
			inputPaths = (
				"${PODS_PODFILE_DIR_PATH}/Podfile.lock",
				"${PODS_ROOT}/Manifest.lock",
			);
			name = "[CP] Check Pods Manifest.lock";
			outputFileListPaths = (
			);
			outputPaths = (
				"$(DERIVED_FILE_DIR)/Pods-memorize.aiTests-checkManifestLockResult.txt",
			);
			runOnlyForDeploymentPostprocessing = 0;
			shellPath = /bin/sh;
			shellScript = "diff \"${PODS_PODFILE_DIR_PATH}/Podfile.lock\" \"${PODS_ROOT}/Manifest.lock\" > /dev/null\nif [ $? != 0 ] ; then\n    # print error to STDERR\n    echo \"error: The sandbox is not in sync with the Podfile.lock. Run 'pod install' or update your CocoaPods installation.\" >&2\n    exit 1\nfi\n# This output is used by Xcode 'outputs' to avoid re-running this script phase.\necho \"SUCCESS\" > \"${SCRIPT_OUTPUT_FILE_0}\"\n";
			showEnvVarsInLog = 0;
		};
		A86D9A7D454A5C9537501B22 /* [CP] Embed Pods Frameworks */ = {
			isa = PBXShellScriptBuildPhase;
			buildActionMask = 2147483647;
			files = (
			);
			inputFileListPaths = (
				"${PODS_ROOT}/Target Support Files/Pods-memorize.ai-memorize.aiUITests/Pods-memorize.ai-memorize.aiUITests-frameworks-${CONFIGURATION}-input-files.xcfilelist",
			);
			name = "[CP] Embed Pods Frameworks";
			outputFileListPaths = (
				"${PODS_ROOT}/Target Support Files/Pods-memorize.ai-memorize.aiUITests/Pods-memorize.ai-memorize.aiUITests-frameworks-${CONFIGURATION}-output-files.xcfilelist",
			);
			runOnlyForDeploymentPostprocessing = 0;
			shellPath = /bin/sh;
			shellScript = "\"${PODS_ROOT}/Target Support Files/Pods-memorize.ai-memorize.aiUITests/Pods-memorize.ai-memorize.aiUITests-frameworks.sh\"\n";
			showEnvVarsInLog = 0;
		};
		DB7128814B102006B1204414 /* [CP] Check Pods Manifest.lock */ = {
			isa = PBXShellScriptBuildPhase;
			buildActionMask = 2147483647;
			files = (
			);
			inputFileListPaths = (
			);
			inputPaths = (
				"${PODS_PODFILE_DIR_PATH}/Podfile.lock",
				"${PODS_ROOT}/Manifest.lock",
			);
			name = "[CP] Check Pods Manifest.lock";
			outputFileListPaths = (
			);
			outputPaths = (
				"$(DERIVED_FILE_DIR)/Pods-memorize.ai-checkManifestLockResult.txt",
			);
			runOnlyForDeploymentPostprocessing = 0;
			shellPath = /bin/sh;
			shellScript = "diff \"${PODS_PODFILE_DIR_PATH}/Podfile.lock\" \"${PODS_ROOT}/Manifest.lock\" > /dev/null\nif [ $? != 0 ] ; then\n    # print error to STDERR\n    echo \"error: The sandbox is not in sync with the Podfile.lock. Run 'pod install' or update your CocoaPods installation.\" >&2\n    exit 1\nfi\n# This output is used by Xcode 'outputs' to avoid re-running this script phase.\necho \"SUCCESS\" > \"${SCRIPT_OUTPUT_FILE_0}\"\n";
			showEnvVarsInLog = 0;
		};
/* End PBXShellScriptBuildPhase section */

/* Begin PBXSourcesBuildPhase section */
		4DAA4F35233DE1A600EF7467 /* Sources */ = {
			isa = PBXSourcesBuildPhase;
			buildActionMask = 2147483647;
			files = (
				4D1F9B1D233EC5EF00693571 /* Deck.swift in Sources */,
				4D402E70235E50610011C6B6 /* RectangleButton.swift in Sources */,
				4D402E72235E591E0011C6B6 /* Color.swift in Sources */,
				4D4D483D23401E8D002FEFB6 /* CardStore.swift in Sources */,
				4D703AEF233DFA45004F1F65 /* Constants.swift in Sources */,
				4DAA4F42233DE1A600EF7467 /* memorize_ai.xcdatamodeld in Sources */,
				4D703AF6233E728B004F1F65 /* Global.swift in Sources */,
				4D6097692342FEC2002F1643 /* FirebaseStorage+PromiseKit.swift in Sources */,
				4DAA4F3D233DE1A600EF7467 /* AppDelegate.swift in Sources */,
				4D2ECD84235D90C7008312B1 /* Tilde.swift in Sources */,
				4D1F9B21233EC99600693571 /* UserStore.swift in Sources */,
				4D402E94235E72B80011C6B6 /* MuliFont.swift in Sources */,
				4D1F9BC723401A9800693571 /* Card.swift in Sources */,
				4D1F9B1F233EC72100693571 /* DeckStore.swift in Sources */,
				4DF2E0F5235E44C300468CD1 /* InitialView.swift in Sources */,
				4D1F9B23233ECA0E00693571 /* User.swift in Sources */,
				4D1F9B2E233EEBDB00693571 /* UnknownError.swift in Sources */,
				4D6097672342FE8E002F1643 /* FirebaseAuth+PromiseKit.swift in Sources */,
				4D59E6BC2341E5CA008DC2A7 /* Storable.swift in Sources */,
				4DAA4F3F233DE1A600EF7467 /* SceneDelegate.swift in Sources */,
				4D1F9B25233ED1AD00693571 /* LoadingState.swift in Sources */,
				4D1F9B2B233EDEB200693571 /* FirebaseFirestore+PromiseKit.swift in Sources */,
			);
			runOnlyForDeploymentPostprocessing = 0;
		};
		4DAA4F4E233DE1A800EF7467 /* Sources */ = {
			isa = PBXSourcesBuildPhase;
			buildActionMask = 2147483647;
			files = (
				4D71AD0D2340289E00C1C4FA /* Deck_Tests.swift in Sources */,
				4D2ECD86235D94ED008312B1 /* Operator_Tests.swift in Sources */,
			);
			runOnlyForDeploymentPostprocessing = 0;
		};
		4DAA4F59233DE1A800EF7467 /* Sources */ = {
			isa = PBXSourcesBuildPhase;
			buildActionMask = 2147483647;
			files = (
				4D71AD0F23402B3D00C1C4FA /* Main_UITests.swift in Sources */,
			);
			runOnlyForDeploymentPostprocessing = 0;
		};
/* End PBXSourcesBuildPhase section */

/* Begin PBXTargetDependency section */
		4DAA4F54233DE1A800EF7467 /* PBXTargetDependency */ = {
			isa = PBXTargetDependency;
			target = 4DAA4F38233DE1A600EF7467 /* memorize.ai */;
			targetProxy = 4DAA4F53233DE1A800EF7467 /* PBXContainerItemProxy */;
		};
		4DAA4F5F233DE1A900EF7467 /* PBXTargetDependency */ = {
			isa = PBXTargetDependency;
			target = 4DAA4F38233DE1A600EF7467 /* memorize.ai */;
			targetProxy = 4DAA4F5E233DE1A900EF7467 /* PBXContainerItemProxy */;
		};
/* End PBXTargetDependency section */

/* Begin PBXVariantGroup section */
		4DAA4F4A233DE1A800EF7467 /* LaunchScreen.storyboard */ = {
			isa = PBXVariantGroup;
			children = (
				4DAA4F4B233DE1A800EF7467 /* Base */,
			);
			name = LaunchScreen.storyboard;
			sourceTree = "<group>";
		};
/* End PBXVariantGroup section */

/* Begin XCBuildConfiguration section */
		4DAA4F64233DE1A900EF7467 /* Debug */ = {
			isa = XCBuildConfiguration;
			buildSettings = {
				ALWAYS_SEARCH_USER_PATHS = NO;
				CLANG_ANALYZER_NONNULL = YES;
				CLANG_ANALYZER_NUMBER_OBJECT_CONVERSION = YES_AGGRESSIVE;
				CLANG_CXX_LANGUAGE_STANDARD = "gnu++14";
				CLANG_CXX_LIBRARY = "libc++";
				CLANG_ENABLE_MODULES = YES;
				CLANG_ENABLE_OBJC_ARC = YES;
				CLANG_ENABLE_OBJC_WEAK = YES;
				CLANG_WARN_BLOCK_CAPTURE_AUTORELEASING = YES;
				CLANG_WARN_BOOL_CONVERSION = YES;
				CLANG_WARN_COMMA = YES;
				CLANG_WARN_CONSTANT_CONVERSION = YES;
				CLANG_WARN_DEPRECATED_OBJC_IMPLEMENTATIONS = YES;
				CLANG_WARN_DIRECT_OBJC_ISA_USAGE = YES_ERROR;
				CLANG_WARN_DOCUMENTATION_COMMENTS = YES;
				CLANG_WARN_EMPTY_BODY = YES;
				CLANG_WARN_ENUM_CONVERSION = YES;
				CLANG_WARN_INFINITE_RECURSION = YES;
				CLANG_WARN_INT_CONVERSION = YES;
				CLANG_WARN_NON_LITERAL_NULL_CONVERSION = YES;
				CLANG_WARN_OBJC_IMPLICIT_RETAIN_SELF = YES;
				CLANG_WARN_OBJC_LITERAL_CONVERSION = YES;
				CLANG_WARN_OBJC_ROOT_CLASS = YES_ERROR;
				CLANG_WARN_RANGE_LOOP_ANALYSIS = YES;
				CLANG_WARN_STRICT_PROTOTYPES = YES;
				CLANG_WARN_SUSPICIOUS_MOVE = YES;
				CLANG_WARN_UNGUARDED_AVAILABILITY = YES_AGGRESSIVE;
				CLANG_WARN_UNREACHABLE_CODE = YES;
				CLANG_WARN__DUPLICATE_METHOD_MATCH = YES;
				COPY_PHASE_STRIP = NO;
				DEBUG_INFORMATION_FORMAT = dwarf;
				ENABLE_STRICT_OBJC_MSGSEND = YES;
				ENABLE_TESTABILITY = YES;
				GCC_C_LANGUAGE_STANDARD = gnu11;
				GCC_DYNAMIC_NO_PIC = NO;
				GCC_NO_COMMON_BLOCKS = YES;
				GCC_OPTIMIZATION_LEVEL = 0;
				GCC_PREPROCESSOR_DEFINITIONS = (
					"DEBUG=1",
					"$(inherited)",
				);
				GCC_WARN_64_TO_32_BIT_CONVERSION = YES;
				GCC_WARN_ABOUT_RETURN_TYPE = YES_ERROR;
				GCC_WARN_UNDECLARED_SELECTOR = YES;
				GCC_WARN_UNINITIALIZED_AUTOS = YES_AGGRESSIVE;
				GCC_WARN_UNUSED_FUNCTION = YES;
				GCC_WARN_UNUSED_VARIABLE = YES;
				IPHONEOS_DEPLOYMENT_TARGET = 13.1;
				MTL_ENABLE_DEBUG_INFO = INCLUDE_SOURCE;
				MTL_FAST_MATH = YES;
				ONLY_ACTIVE_ARCH = YES;
				SDKROOT = iphoneos;
				SWIFT_ACTIVE_COMPILATION_CONDITIONS = DEBUG;
				SWIFT_OPTIMIZATION_LEVEL = "-Onone";
			};
			name = Debug;
		};
		4DAA4F65233DE1A900EF7467 /* Release */ = {
			isa = XCBuildConfiguration;
			buildSettings = {
				ALWAYS_SEARCH_USER_PATHS = NO;
				CLANG_ANALYZER_NONNULL = YES;
				CLANG_ANALYZER_NUMBER_OBJECT_CONVERSION = YES_AGGRESSIVE;
				CLANG_CXX_LANGUAGE_STANDARD = "gnu++14";
				CLANG_CXX_LIBRARY = "libc++";
				CLANG_ENABLE_MODULES = YES;
				CLANG_ENABLE_OBJC_ARC = YES;
				CLANG_ENABLE_OBJC_WEAK = YES;
				CLANG_WARN_BLOCK_CAPTURE_AUTORELEASING = YES;
				CLANG_WARN_BOOL_CONVERSION = YES;
				CLANG_WARN_COMMA = YES;
				CLANG_WARN_CONSTANT_CONVERSION = YES;
				CLANG_WARN_DEPRECATED_OBJC_IMPLEMENTATIONS = YES;
				CLANG_WARN_DIRECT_OBJC_ISA_USAGE = YES_ERROR;
				CLANG_WARN_DOCUMENTATION_COMMENTS = YES;
				CLANG_WARN_EMPTY_BODY = YES;
				CLANG_WARN_ENUM_CONVERSION = YES;
				CLANG_WARN_INFINITE_RECURSION = YES;
				CLANG_WARN_INT_CONVERSION = YES;
				CLANG_WARN_NON_LITERAL_NULL_CONVERSION = YES;
				CLANG_WARN_OBJC_IMPLICIT_RETAIN_SELF = YES;
				CLANG_WARN_OBJC_LITERAL_CONVERSION = YES;
				CLANG_WARN_OBJC_ROOT_CLASS = YES_ERROR;
				CLANG_WARN_RANGE_LOOP_ANALYSIS = YES;
				CLANG_WARN_STRICT_PROTOTYPES = YES;
				CLANG_WARN_SUSPICIOUS_MOVE = YES;
				CLANG_WARN_UNGUARDED_AVAILABILITY = YES_AGGRESSIVE;
				CLANG_WARN_UNREACHABLE_CODE = YES;
				CLANG_WARN__DUPLICATE_METHOD_MATCH = YES;
				COPY_PHASE_STRIP = NO;
				DEBUG_INFORMATION_FORMAT = "dwarf-with-dsym";
				ENABLE_NS_ASSERTIONS = NO;
				ENABLE_STRICT_OBJC_MSGSEND = YES;
				GCC_C_LANGUAGE_STANDARD = gnu11;
				GCC_NO_COMMON_BLOCKS = YES;
				GCC_WARN_64_TO_32_BIT_CONVERSION = YES;
				GCC_WARN_ABOUT_RETURN_TYPE = YES_ERROR;
				GCC_WARN_UNDECLARED_SELECTOR = YES;
				GCC_WARN_UNINITIALIZED_AUTOS = YES_AGGRESSIVE;
				GCC_WARN_UNUSED_FUNCTION = YES;
				GCC_WARN_UNUSED_VARIABLE = YES;
				IPHONEOS_DEPLOYMENT_TARGET = 13.1;
				MTL_ENABLE_DEBUG_INFO = NO;
				MTL_FAST_MATH = YES;
				SDKROOT = iphoneos;
				SWIFT_COMPILATION_MODE = wholemodule;
				SWIFT_OPTIMIZATION_LEVEL = "-O";
				VALIDATE_PRODUCT = YES;
			};
			name = Release;
		};
		4DAA4F67233DE1A900EF7467 /* Debug */ = {
			isa = XCBuildConfiguration;
			baseConfigurationReference = 0015E6E932DD67838E207115 /* Pods-memorize.ai.debug.xcconfig */;
			buildSettings = {
				ASSETCATALOG_COMPILER_APPICON_NAME = AppIcon;
				CODE_SIGN_STYLE = Automatic;
				DEVELOPMENT_ASSET_PATHS = "\"memorize.ai/Preview Content\"";
				DEVELOPMENT_TEAM = JUP7FZ7QC3;
				ENABLE_PREVIEWS = YES;
				INFOPLIST_FILE = memorize.ai/Info.plist;
				IPHONEOS_DEPLOYMENT_TARGET = 13.0;
				LD_RUNPATH_SEARCH_PATHS = (
					"$(inherited)",
					"@executable_path/Frameworks",
				);
				PRODUCT_BUNDLE_IDENTIFIER = "ai.memorize.memorize-ai";
				PRODUCT_NAME = "$(TARGET_NAME)";
				SWIFT_VERSION = 5.0;
				TARGETED_DEVICE_FAMILY = "1,2";
			};
			name = Debug;
		};
		4DAA4F68233DE1A900EF7467 /* Release */ = {
			isa = XCBuildConfiguration;
			baseConfigurationReference = 601346780B37F685E43F57A4 /* Pods-memorize.ai.release.xcconfig */;
			buildSettings = {
				ASSETCATALOG_COMPILER_APPICON_NAME = AppIcon;
				CODE_SIGN_STYLE = Automatic;
				DEVELOPMENT_ASSET_PATHS = "\"memorize.ai/Preview Content\"";
				DEVELOPMENT_TEAM = JUP7FZ7QC3;
				ENABLE_PREVIEWS = YES;
				INFOPLIST_FILE = memorize.ai/Info.plist;
				IPHONEOS_DEPLOYMENT_TARGET = 13.0;
				LD_RUNPATH_SEARCH_PATHS = (
					"$(inherited)",
					"@executable_path/Frameworks",
				);
				PRODUCT_BUNDLE_IDENTIFIER = "ai.memorize.memorize-ai";
				PRODUCT_NAME = "$(TARGET_NAME)";
				SWIFT_VERSION = 5.0;
				TARGETED_DEVICE_FAMILY = "1,2";
			};
			name = Release;
		};
		4DAA4F6A233DE1A900EF7467 /* Debug */ = {
			isa = XCBuildConfiguration;
			baseConfigurationReference = D836782DC0AEEE0EE28E0E49 /* Pods-memorize.aiTests.debug.xcconfig */;
			buildSettings = {
				ALWAYS_EMBED_SWIFT_STANDARD_LIBRARIES = YES;
				BUNDLE_LOADER = "$(TEST_HOST)";
				CODE_SIGN_STYLE = Automatic;
				DEVELOPMENT_TEAM = JUP7FZ7QC3;
				INFOPLIST_FILE = memorize.aiTests/Info.plist;
				IPHONEOS_DEPLOYMENT_TARGET = 13.1;
				LD_RUNPATH_SEARCH_PATHS = (
					"$(inherited)",
					"@executable_path/Frameworks",
					"@loader_path/Frameworks",
				);
				PRODUCT_BUNDLE_IDENTIFIER = "ai.memorize.memorize-aiTests";
				PRODUCT_NAME = "$(TARGET_NAME)";
				SWIFT_VERSION = 5.0;
				TARGETED_DEVICE_FAMILY = "1,2";
				TEST_HOST = "$(BUILT_PRODUCTS_DIR)/memorize.ai.app/memorize.ai";
			};
			name = Debug;
		};
		4DAA4F6B233DE1A900EF7467 /* Release */ = {
			isa = XCBuildConfiguration;
			baseConfigurationReference = 4F4C9DD2FC5AC65507BFA8D3 /* Pods-memorize.aiTests.release.xcconfig */;
			buildSettings = {
				ALWAYS_EMBED_SWIFT_STANDARD_LIBRARIES = YES;
				BUNDLE_LOADER = "$(TEST_HOST)";
				CODE_SIGN_STYLE = Automatic;
				DEVELOPMENT_TEAM = JUP7FZ7QC3;
				INFOPLIST_FILE = memorize.aiTests/Info.plist;
				IPHONEOS_DEPLOYMENT_TARGET = 13.1;
				LD_RUNPATH_SEARCH_PATHS = (
					"$(inherited)",
					"@executable_path/Frameworks",
					"@loader_path/Frameworks",
				);
				PRODUCT_BUNDLE_IDENTIFIER = "ai.memorize.memorize-aiTests";
				PRODUCT_NAME = "$(TARGET_NAME)";
				SWIFT_VERSION = 5.0;
				TARGETED_DEVICE_FAMILY = "1,2";
				TEST_HOST = "$(BUILT_PRODUCTS_DIR)/memorize.ai.app/memorize.ai";
			};
			name = Release;
		};
		4DAA4F6D233DE1A900EF7467 /* Debug */ = {
			isa = XCBuildConfiguration;
			baseConfigurationReference = DC3BAF53D0EC7CFBE986AC05 /* Pods-memorize.ai-memorize.aiUITests.debug.xcconfig */;
			buildSettings = {
				ALWAYS_EMBED_SWIFT_STANDARD_LIBRARIES = YES;
				CLANG_ENABLE_MODULES = YES;
				CODE_SIGN_STYLE = Automatic;
				DEVELOPMENT_TEAM = JUP7FZ7QC3;
				INFOPLIST_FILE = memorize.aiUITests/Info.plist;
				LD_RUNPATH_SEARCH_PATHS = (
					"$(inherited)",
					"@executable_path/Frameworks",
					"@loader_path/Frameworks",
				);
				PRODUCT_BUNDLE_IDENTIFIER = "ai.memorize.memorize-aiUITests";
				PRODUCT_NAME = "$(TARGET_NAME)";
				SWIFT_OPTIMIZATION_LEVEL = "-Onone";
				SWIFT_VERSION = 5.0;
				TARGETED_DEVICE_FAMILY = "1,2";
				TEST_TARGET_NAME = memorize.ai;
			};
			name = Debug;
		};
		4DAA4F6E233DE1A900EF7467 /* Release */ = {
			isa = XCBuildConfiguration;
			baseConfigurationReference = 6BF55E66E6034DC99EB98759 /* Pods-memorize.ai-memorize.aiUITests.release.xcconfig */;
			buildSettings = {
				ALWAYS_EMBED_SWIFT_STANDARD_LIBRARIES = YES;
				CLANG_ENABLE_MODULES = YES;
				CODE_SIGN_STYLE = Automatic;
				DEVELOPMENT_TEAM = JUP7FZ7QC3;
				INFOPLIST_FILE = memorize.aiUITests/Info.plist;
				LD_RUNPATH_SEARCH_PATHS = (
					"$(inherited)",
					"@executable_path/Frameworks",
					"@loader_path/Frameworks",
				);
				PRODUCT_BUNDLE_IDENTIFIER = "ai.memorize.memorize-aiUITests";
				PRODUCT_NAME = "$(TARGET_NAME)";
				SWIFT_VERSION = 5.0;
				TARGETED_DEVICE_FAMILY = "1,2";
				TEST_TARGET_NAME = memorize.ai;
			};
			name = Release;
		};
/* End XCBuildConfiguration section */

/* Begin XCConfigurationList section */
		4DAA4F34233DE1A600EF7467 /* Build configuration list for PBXProject "memorize.ai" */ = {
			isa = XCConfigurationList;
			buildConfigurations = (
				4DAA4F64233DE1A900EF7467 /* Debug */,
				4DAA4F65233DE1A900EF7467 /* Release */,
			);
			defaultConfigurationIsVisible = 0;
			defaultConfigurationName = Release;
		};
		4DAA4F66233DE1A900EF7467 /* Build configuration list for PBXNativeTarget "memorize.ai" */ = {
			isa = XCConfigurationList;
			buildConfigurations = (
				4DAA4F67233DE1A900EF7467 /* Debug */,
				4DAA4F68233DE1A900EF7467 /* Release */,
			);
			defaultConfigurationIsVisible = 0;
			defaultConfigurationName = Release;
		};
		4DAA4F69233DE1A900EF7467 /* Build configuration list for PBXNativeTarget "memorize.aiTests" */ = {
			isa = XCConfigurationList;
			buildConfigurations = (
				4DAA4F6A233DE1A900EF7467 /* Debug */,
				4DAA4F6B233DE1A900EF7467 /* Release */,
			);
			defaultConfigurationIsVisible = 0;
			defaultConfigurationName = Release;
		};
		4DAA4F6C233DE1A900EF7467 /* Build configuration list for PBXNativeTarget "memorize.aiUITests" */ = {
			isa = XCConfigurationList;
			buildConfigurations = (
				4DAA4F6D233DE1A900EF7467 /* Debug */,
				4DAA4F6E233DE1A900EF7467 /* Release */,
			);
			defaultConfigurationIsVisible = 0;
			defaultConfigurationName = Release;
		};
/* End XCConfigurationList section */

/* Begin XCRemoteSwiftPackageReference section */
		4D1F9B26233EDE4E00693571 /* XCRemoteSwiftPackageReference "PromiseKit" */ = {
			isa = XCRemoteSwiftPackageReference;
			repositoryURL = "https://github.com/mxcl/PromiseKit.git";
			requirement = {
				branch = master;
				kind = branch;
			};
		};
		4DC923A423458F1900F901EA /* XCRemoteSwiftPackageReference "SwiftUIX" */ = {
			isa = XCRemoteSwiftPackageReference;
			repositoryURL = "https://github.com/SwiftUIX/SwiftUIX";
			requirement = {
				branch = master;
				kind = branch;
			};
		};
/* End XCRemoteSwiftPackageReference section */

/* Begin XCSwiftPackageProductDependency section */
		4D1F9B27233EDE4E00693571 /* PromiseKit */ = {
			isa = XCSwiftPackageProductDependency;
			package = 4D1F9B26233EDE4E00693571 /* XCRemoteSwiftPackageReference "PromiseKit" */;
			productName = PromiseKit;
		};
		4DC923A523458F1900F901EA /* SwiftUIX */ = {
			isa = XCSwiftPackageProductDependency;
			package = 4DC923A423458F1900F901EA /* XCRemoteSwiftPackageReference "SwiftUIX" */;
			productName = SwiftUIX;
		};
/* End XCSwiftPackageProductDependency section */

/* Begin XCVersionGroup section */
		4DAA4F40233DE1A600EF7467 /* memorize_ai.xcdatamodeld */ = {
			isa = XCVersionGroup;
			children = (
				4DAA4F41233DE1A600EF7467 /* memorize_ai.xcdatamodel */,
			);
			currentVersion = 4DAA4F41233DE1A600EF7467 /* memorize_ai.xcdatamodel */;
			path = memorize_ai.xcdatamodeld;
			sourceTree = "<group>";
			versionGroupType = wrapper.xcdatamodel;
		};
/* End XCVersionGroup section */
	};
	rootObject = 4DAA4F31233DE1A600EF7467 /* Project object */;
}
