{
  "object": {
    "pins": [
      {
        "package": "PromiseKit",
        "repositoryURL": "https://github.com/mxcl/PromiseKit.git",
        "state": {
          "branch": "master",
          "revision": "10a10ed8bdc436e9e5922c5dd532ee7720a53cd7",
          "version": null
        }
      },
      {
        "package": "QGrid",
        "repositoryURL": "https://github.com/Q-Mobile/QGrid",
        "state": {
          "branch": "master",
          "revision": "40607aec336a8097c94bcadb81762592d89073ac",
          "version": null
        }
      },
      {
        "package": "SwiftUIX",
        "repositoryURL": "https://github.com/SwiftUIX/SwiftUIX",
        "state": {
          "branch": "master",
          "revision": "6d673cb23176cfccb609db2f55fb22a53ef7a500",
          "version": null
        }
      }
    ]
  },
  "version": 1
}
