{
  "object": {
    "pins": [
      {
        "package": "Alamofire",
        "repositoryURL": "https://github.com/Alamofire/Alamofire.git",
        "state": {
          "branch": "master",
          "revision": "247e8ba2c6f01d7ca28d81e262ef123eed2f3e78",
          "version": null
        }
      },
      {
        "package": "HTML",
        "repositoryURL": "https://github.com/kenmueller/HTML",
        "state": {
          "branch": "master",
          "revision": "9ce705908502706d4f31d978871277b72f9e2f65",
          "version": null
        }
      },
      {
        "package": "LoadingState",
        "repositoryURL": "https://github.com/kenmueller/LoadingState",
        "state": {
          "branch": "master",
          "revision": "d67f78260926c3f332e20acba47677f5c4c212af",
          "version": null
        }
      },
      {
        "package": "PromiseKit",
        "repositoryURL": "https://github.com/mxcl/PromiseKit.git",
        "state": {
          "branch": "master",
          "revision": "f14f16cc2602afec1030e4f492100d6d43dca544",
          "version": null
        }
      },
      {
        "package": "SwiftUIX",
        "repositoryURL": "https://github.com/SwiftUIX/SwiftUIX",
        "state": {
          "branch": "master",
          "revision": "75ac262e14f7607e42318a8720cec1a05681c51f",
          "version": null
        }
      },
      {
        "package": "TextView",
        "repositoryURL": "https://github.com/kenmueller/TextView.git",
        "state": {
          "branch": "master",
          "revision": "cb641ab266110069409c1da945333742b98487f2",
          "version": null
        }
      },
      {
        "package": "WebView",
        "repositoryURL": "https://github.com/kenmueller/WebView",
        "state": {
          "branch": "master",
          "revision": "23326be75b1cbd1106cfbc2d707bcf59e6619906",
          "version": null
        }
      }
    ]
  },
  "version": 1
}
