{
  "object": {
    "pins": [
      {
        "package": "Alamofire",
        "repositoryURL": "https://github.com/Alamofire/Alamofire.git",
        "state": {
          "branch": "master",
          "revision": "fdda9885cd3d33faaf41ee648f22c4aa445b1f80",
          "version": null
        }
      },
      {
        "package": "Audio",
        "repositoryURL": "https://github.com/kenmueller/Audio.git",
        "state": {
          "branch": "master",
          "revision": "c0b7ea48b42d18849179ad6fda6ca7a79a88cebd",
          "version": null
        }
      },
      {
        "package": "HTML",
        "repositoryURL": "https://github.com/kenmueller/HTML",
        "state": {
          "branch": "master",
          "revision": "9ce705908502706d4f31d978871277b72f9e2f65",
          "version": null
        }
      },
      {
        "package": "LoadingState",
        "repositoryURL": "https://github.com/kenmueller/LoadingState",
        "state": {
          "branch": "master",
          "revision": "d67f78260926c3f332e20acba47677f5c4c212af",
          "version": null
        }
      },
      {
        "package": "PromiseKit",
        "repositoryURL": "https://github.com/mxcl/PromiseKit.git",
        "state": {
          "branch": "master",
          "revision": "f95e7b2614a19386b8b2618f362aa32e86951d55",
          "version": null
        }
      },
      {
        "package": "QGrid",
        "repositoryURL": "https://github.com/kenmueller/QGrid",
        "state": {
          "branch": "master",
          "revision": "0da7ec5df69d4976535b8373e6a1766a6fd06883",
          "version": null
        }
      },
      {
        "package": "SwiftUIX",
        "repositoryURL": "https://github.com/SwiftUIX/SwiftUIX",
        "state": {
          "branch": "master",
          "revision": "fdbf4e6c4e4e5fb4267d574a9ee1b132ad45247c",
          "version": null
        }
      },
      {
        "package": "TextView",
        "repositoryURL": "https://github.com/kenmueller/TextView.git",
        "state": {
          "branch": "master",
          "revision": "155e003ddfefc0e8ba9c6f68a4b19359c587fd39",
          "version": null
        }
      },
      {
        "package": "WebView",
        "repositoryURL": "https://github.com/kenmueller/WebView",
        "state": {
          "branch": "master",
          "revision": "23326be75b1cbd1106cfbc2d707bcf59e6619906",
          "version": null
        }
      }
    ]
  },
  "version": 1
}
